// !$*UTF8*$!
{
	archiveVersion = 1;
	classes = {
	};
	objectVersion = 46;
	objects = {

/* Begin PBXBuildFile section */
		8A50AAA81B33E8F400184D95 /* main.m in Sources */ = {isa = PBXBuildFile; fileRef = 8A50AAA71B33E8F400184D95 /* main.m */; };
		8A50AAAB1B33E8F400184D95 /* AppDelegate.m in Sources */ = {isa = PBXBuildFile; fileRef = 8A50AAAA1B33E8F400184D95 /* AppDelegate.m */; };
		8A50AAAE1B33E8F400184D95 /* ViewController.m in Sources */ = {isa = PBXBuildFile; fileRef = 8A50AAAD1B33E8F400184D95 /* ViewController.m */; };
		8A50AAB11B33E8F400184D95 /* Main.storyboard in Resources */ = {isa = PBXBuildFile; fileRef = 8A50AAAF1B33E8F400184D95 /* Main.storyboard */; };
		8A50AAB31B33E8F400184D95 /* Images.xcassets in Resources */ = {isa = PBXBuildFile; fileRef = 8A50AAB21B33E8F400184D95 /* Images.xcassets */; };
		8A50AAB61B33E8F400184D95 /* LaunchScreen.xib in Resources */ = {isa = PBXBuildFile; fileRef = 8A50AAB41B33E8F400184D95 /* LaunchScreen.xib */; };
		8A50AAC21B33E8F400184D95 /* LCCalculatorTests.m in Sources */ = {isa = PBXBuildFile; fileRef = 8A50AAC11B33E8F400184D95 /* LCCalculatorTests.m */; };
		8A50AACD1B33EA6800184D95 /* LCCalculator.m in Sources */ = {isa = PBXBuildFile; fileRef = 8A50AACC1B33EA6800184D95 /* LCCalculator.m */; };
		8A50AACF1B33EA9D00184D95 /* LCCalculator.m in Sources */ = {isa = PBXBuildFile; fileRef = 8A50AACC1B33EA6800184D95 /* LCCalculator.m */; };
		8A57D6B01B33EE270003BB06 /* LCRoom.m in Sources */ = {isa = PBXBuildFile; fileRef = 8A57D6AF1B33EE270003BB06 /* LCRoom.m */; };
		8A57D6B21B33EE380003BB06 /* LCRoomTests.m in Sources */ = {isa = PBXBuildFile; fileRef = 8A57D6B11B33EE380003BB06 /* LCRoomTests.m */; };
		8A57D6B31B33EE450003BB06 /* LCRoom.m in Sources */ = {isa = PBXBuildFile; fileRef = 8A57D6AF1B33EE270003BB06 /* LCRoom.m */; };
		8A7B2DF41B4942AC000C3FC2 /* LCTableViewTests.m in Sources */ = {isa = PBXBuildFile; fileRef = 8A7B2DF31B4942AC000C3FC2 /* LCTableViewTests.m */; };
		8A7B2DF71B4952DA000C3FC2 /* DummyUITableViewDataSource.m in Sources */ = {isa = PBXBuildFile; fileRef = 8A7B2DF61B4952DA000C3FC2 /* DummyUITableViewDataSource.m */; };
		8A7B2DFA1B4958CA000C3FC2 /* LCHouse.m in Sources */ = {isa = PBXBuildFile; fileRef = 8A7B2DF91B4958CA000C3FC2 /* LCHouse.m */; };
		8A7B2DFC1B495929000C3FC2 /* LCHouseTests.m in Sources */ = {isa = PBXBuildFile; fileRef = 8A7B2DFB1B495929000C3FC2 /* LCHouseTests.m */; };
		8A7B2DFD1B495AB9000C3FC2 /* LCHouse.m in Sources */ = {isa = PBXBuildFile; fileRef = 8A7B2DF91B4958CA000C3FC2 /* LCHouse.m */; };
		8A7CB75B1B77512B00BFBC28 /* LCWire.m in Sources */ = {isa = PBXBuildFile; fileRef = 8A7CB75A1B77512B00BFBC28 /* LCWire.m */; };
		8A7CB75D1B7756DF00BFBC28 /* LCWireTests.m in Sources */ = {isa = PBXBuildFile; fileRef = 8A7CB75C1B7756DF00BFBC28 /* LCWireTests.m */; };
		8A7CB75F1B77573C00BFBC28 /* LCWire.m in Sources */ = {isa = PBXBuildFile; fileRef = 8A7CB75A1B77512B00BFBC28 /* LCWire.m */; };
		8A7CB76E1B7788F600BFBC28 /* libOCMock.a in Frameworks */ = {isa = PBXBuildFile; fileRef = 8A7CB7631B7788F600BFBC28 /* libOCMock.a */; };
/* End PBXBuildFile section */

/* Begin PBXContainerItemProxy section */
		8A50AABC1B33E8F400184D95 /* PBXContainerItemProxy */ = {
			isa = PBXContainerItemProxy;
			containerPortal = 8A50AA9A1B33E8F400184D95 /* Project object */;
			proxyType = 1;
			remoteGlobalIDString = 8A50AAA11B33E8F400184D95;
			remoteInfo = LCUnitTestsExample;
		};
/* End PBXContainerItemProxy section */

/* Begin PBXFileReference section */
		8A50AAA21B33E8F400184D95 /* LCUnitTestsExample.app */ = {isa = PBXFileReference; explicitFileType = wrapper.application; includeInIndex = 0; path = LCUnitTestsExample.app; sourceTree = BUILT_PRODUCTS_DIR; };
		8A50AAA61B33E8F400184D95 /* Info.plist */ = {isa = PBXFileReference; lastKnownFileType = text.plist.xml; path = Info.plist; sourceTree = "<group>"; };
		8A50AAA71B33E8F400184D95 /* main.m */ = {isa = PBXFileReference; lastKnownFileType = sourcecode.c.objc; path = main.m; sourceTree = "<group>"; };
		8A50AAA91B33E8F400184D95 /* AppDelegate.h */ = {isa = PBXFileReference; lastKnownFileType = sourcecode.c.h; path = AppDelegate.h; sourceTree = "<group>"; };
		8A50AAAA1B33E8F400184D95 /* AppDelegate.m */ = {isa = PBXFileReference; lastKnownFileType = sourcecode.c.objc; path = AppDelegate.m; sourceTree = "<group>"; };
		8A50AAAC1B33E8F400184D95 /* ViewController.h */ = {isa = PBXFileReference; lastKnownFileType = sourcecode.c.h; path = ViewController.h; sourceTree = "<group>"; };
		8A50AAAD1B33E8F400184D95 /* ViewController.m */ = {isa = PBXFileReference; lastKnownFileType = sourcecode.c.objc; path = ViewController.m; sourceTree = "<group>"; };
		8A50AAB01B33E8F400184D95 /* Base */ = {isa = PBXFileReference; lastKnownFileType = file.storyboard; name = Base; path = Base.lproj/Main.storyboard; sourceTree = "<group>"; };
		8A50AAB21B33E8F400184D95 /* Images.xcassets */ = {isa = PBXFileReference; lastKnownFileType = folder.assetcatalog; path = Images.xcassets; sourceTree = "<group>"; };
		8A50AAB51B33E8F400184D95 /* Base */ = {isa = PBXFileReference; lastKnownFileType = file.xib; name = Base; path = Base.lproj/LaunchScreen.xib; sourceTree = "<group>"; };
		8A50AABB1B33E8F400184D95 /* LCUnitTestsExampleTests.xctest */ = {isa = PBXFileReference; explicitFileType = wrapper.cfbundle; includeInIndex = 0; path = LCUnitTestsExampleTests.xctest; sourceTree = BUILT_PRODUCTS_DIR; };
		8A50AAC01B33E8F400184D95 /* Info.plist */ = {isa = PBXFileReference; lastKnownFileType = text.plist.xml; path = Info.plist; sourceTree = "<group>"; };
		8A50AAC11B33E8F400184D95 /* LCCalculatorTests.m */ = {isa = PBXFileReference; lastKnownFileType = sourcecode.c.objc; path = LCCalculatorTests.m; sourceTree = "<group>"; };
		8A50AACB1B33EA6800184D95 /* LCCalculator.h */ = {isa = PBXFileReference; fileEncoding = 4; lastKnownFileType = sourcecode.c.h; path = LCCalculator.h; sourceTree = "<group>"; };
		8A50AACC1B33EA6800184D95 /* LCCalculator.m */ = {isa = PBXFileReference; fileEncoding = 4; lastKnownFileType = sourcecode.c.objc; path = LCCalculator.m; sourceTree = "<group>"; };
		8A57D6AE1B33EE270003BB06 /* LCRoom.h */ = {isa = PBXFileReference; fileEncoding = 4; lastKnownFileType = sourcecode.c.h; path = LCRoom.h; sourceTree = "<group>"; };
		8A57D6AF1B33EE270003BB06 /* LCRoom.m */ = {isa = PBXFileReference; fileEncoding = 4; lastKnownFileType = sourcecode.c.objc; path = LCRoom.m; sourceTree = "<group>"; };
		8A57D6B11B33EE380003BB06 /* LCRoomTests.m */ = {isa = PBXFileReference; fileEncoding = 4; lastKnownFileType = sourcecode.c.objc; path = LCRoomTests.m; sourceTree = "<group>"; };
		8A7B2DF31B4942AC000C3FC2 /* LCTableViewTests.m */ = {isa = PBXFileReference; fileEncoding = 4; lastKnownFileType = sourcecode.c.objc; path = LCTableViewTests.m; sourceTree = "<group>"; };
		8A7B2DF51B4952DA000C3FC2 /* DummyUITableViewDataSource.h */ = {isa = PBXFileReference; fileEncoding = 4; lastKnownFileType = sourcecode.c.h; path = DummyUITableViewDataSource.h; sourceTree = "<group>"; };
		8A7B2DF61B4952DA000C3FC2 /* DummyUITableViewDataSource.m */ = {isa = PBXFileReference; fileEncoding = 4; lastKnownFileType = sourcecode.c.objc; path = DummyUITableViewDataSource.m; sourceTree = "<group>"; };
		8A7B2DF81B4958CA000C3FC2 /* LCHouse.h */ = {isa = PBXFileReference; fileEncoding = 4; lastKnownFileType = sourcecode.c.h; path = LCHouse.h; sourceTree = "<group>"; };
		8A7B2DF91B4958CA000C3FC2 /* LCHouse.m */ = {isa = PBXFileReference; fileEncoding = 4; lastKnownFileType = sourcecode.c.objc; path = LCHouse.m; sourceTree = "<group>"; };
		8A7B2DFB1B495929000C3FC2 /* LCHouseTests.m */ = {isa = PBXFileReference; fileEncoding = 4; lastKnownFileType = sourcecode.c.objc; path = LCHouseTests.m; sourceTree = "<group>"; };
		8A7CB7591B77512B00BFBC28 /* LCWire.h */ = {isa = PBXFileReference; fileEncoding = 4; lastKnownFileType = sourcecode.c.h; path = LCWire.h; sourceTree = "<group>"; };
		8A7CB75A1B77512B00BFBC28 /* LCWire.m */ = {isa = PBXFileReference; fileEncoding = 4; lastKnownFileType = sourcecode.c.objc; path = LCWire.m; sourceTree = "<group>"; };
		8A7CB75C1B7756DF00BFBC28 /* LCWireTests.m */ = {isa = PBXFileReference; fileEncoding = 4; lastKnownFileType = sourcecode.c.objc; path = LCWireTests.m; sourceTree = "<group>"; };
		8A7CB7601B7758AB00BFBC28 /* Expirable.h */ = {isa = PBXFileReference; fileEncoding = 4; lastKnownFileType = sourcecode.c.h; path = Expirable.h; sourceTree = "<group>"; };
		8A7CB7631B7788F600BFBC28 /* libOCMock.a */ = {isa = PBXFileReference; lastKnownFileType = archive.ar; path = libOCMock.a; sourceTree = "<group>"; };
		8A7CB7651B7788F600BFBC28 /* NSNotificationCenter+OCMAdditions.h */ = {isa = PBXFileReference; fileEncoding = 4; lastKnownFileType = sourcecode.c.h; path = "NSNotificationCenter+OCMAdditions.h"; sourceTree = "<group>"; };
		8A7CB7661B7788F600BFBC28 /* OCMArg.h */ = {isa = PBXFileReference; fileEncoding = 4; lastKnownFileType = sourcecode.c.h; path = OCMArg.h; sourceTree = "<group>"; };
		8A7CB7671B7788F600BFBC28 /* OCMConstraint.h */ = {isa = PBXFileReference; fileEncoding = 4; lastKnownFileType = sourcecode.c.h; path = OCMConstraint.h; sourceTree = "<group>"; };
		8A7CB7681B7788F600BFBC28 /* OCMLocation.h */ = {isa = PBXFileReference; fileEncoding = 4; lastKnownFileType = sourcecode.c.h; path = OCMLocation.h; sourceTree = "<group>"; };
		8A7CB7691B7788F600BFBC28 /* OCMMacroState.h */ = {isa = PBXFileReference; fileEncoding = 4; lastKnownFileType = sourcecode.c.h; path = OCMMacroState.h; sourceTree = "<group>"; };
		8A7CB76A1B7788F600BFBC28 /* OCMock.h */ = {isa = PBXFileReference; fileEncoding = 4; lastKnownFileType = sourcecode.c.h; path = OCMock.h; sourceTree = "<group>"; };
		8A7CB76B1B7788F600BFBC28 /* OCMockObject.h */ = {isa = PBXFileReference; fileEncoding = 4; lastKnownFileType = sourcecode.c.h; path = OCMockObject.h; sourceTree = "<group>"; };
		8A7CB76C1B7788F600BFBC28 /* OCMRecorder.h */ = {isa = PBXFileReference; fileEncoding = 4; lastKnownFileType = sourcecode.c.h; path = OCMRecorder.h; sourceTree = "<group>"; };
		8A7CB76D1B7788F600BFBC28 /* OCMStubRecorder.h */ = {isa = PBXFileReference; fileEncoding = 4; lastKnownFileType = sourcecode.c.h; path = OCMStubRecorder.h; sourceTree = "<group>"; };
/* End PBXFileReference section */

/* Begin PBXFrameworksBuildPhase section */
		8A50AA9F1B33E8F400184D95 /* Frameworks */ = {
			isa = PBXFrameworksBuildPhase;
			buildActionMask = 2147483647;
			files = (
			);
			runOnlyForDeploymentPostprocessing = 0;
		};
		8A50AAB81B33E8F400184D95 /* Frameworks */ = {
			isa = PBXFrameworksBuildPhase;
			buildActionMask = 2147483647;
			files = (
				8A7CB76E1B7788F600BFBC28 /* libOCMock.a in Frameworks */,
			);
			runOnlyForDeploymentPostprocessing = 0;
		};
/* End PBXFrameworksBuildPhase section */

/* Begin PBXGroup section */
		8A50AA991B33E8F400184D95 = {
			isa = PBXGroup;
			children = (
				8A7CB7491B77501900BFBC28 /* Vendor */,
				8A50AAA41B33E8F400184D95 /* LCUnitTestsExample */,
				8A50AABE1B33E8F400184D95 /* LCUnitTestsExampleTests */,
				8A50AAA31B33E8F400184D95 /* Products */,
			);
			sourceTree = "<group>";
		};
		8A50AAA31B33E8F400184D95 /* Products */ = {
			isa = PBXGroup;
			children = (
				8A50AAA21B33E8F400184D95 /* LCUnitTestsExample.app */,
				8A50AABB1B33E8F400184D95 /* LCUnitTestsExampleTests.xctest */,
			);
			name = Products;
			sourceTree = "<group>";
		};
		8A50AAA41B33E8F400184D95 /* LCUnitTestsExample */ = {
			isa = PBXGroup;
			children = (
				8A50AAA91B33E8F400184D95 /* AppDelegate.h */,
				8A50AAAA1B33E8F400184D95 /* AppDelegate.m */,
				8A50AAAC1B33E8F400184D95 /* ViewController.h */,
				8A50AAAD1B33E8F400184D95 /* ViewController.m */,
				8A50AAAF1B33E8F400184D95 /* Main.storyboard */,
				8A50AAB21B33E8F400184D95 /* Images.xcassets */,
				8A50AAB41B33E8F400184D95 /* LaunchScreen.xib */,
				8A50AAA51B33E8F400184D95 /* Supporting Files */,
				8A50AACE1B33EA6D00184D95 /* Model */,
			);
			path = LCUnitTestsExample;
			sourceTree = "<group>";
		};
		8A50AAA51B33E8F400184D95 /* Supporting Files */ = {
			isa = PBXGroup;
			children = (
				8A50AAA61B33E8F400184D95 /* Info.plist */,
				8A50AAA71B33E8F400184D95 /* main.m */,
			);
			name = "Supporting Files";
			sourceTree = "<group>";
		};
		8A50AABE1B33E8F400184D95 /* LCUnitTestsExampleTests */ = {
			isa = PBXGroup;
			children = (
				8A50AAC11B33E8F400184D95 /* LCCalculatorTests.m */,
				8A7CB75C1B7756DF00BFBC28 /* LCWireTests.m */,
				8A57D6B11B33EE380003BB06 /* LCRoomTests.m */,
				8A7B2DFB1B495929000C3FC2 /* LCHouseTests.m */,
				8A7B2DF51B4952DA000C3FC2 /* DummyUITableViewDataSource.h */,
				8A7B2DF31B4942AC000C3FC2 /* LCTableViewTests.m */,
				8A7B2DF61B4952DA000C3FC2 /* DummyUITableViewDataSource.m */,
				8A50AABF1B33E8F400184D95 /* Supporting Files */,
			);
			path = LCUnitTestsExampleTests;
			sourceTree = "<group>";
		};
		8A50AABF1B33E8F400184D95 /* Supporting Files */ = {
			isa = PBXGroup;
			children = (
				8A50AAC01B33E8F400184D95 /* Info.plist */,
			);
			name = "Supporting Files";
			sourceTree = "<group>";
		};
		8A50AACE1B33EA6D00184D95 /* Model */ = {
			isa = PBXGroup;
			children = (
				8A50AACB1B33EA6800184D95 /* LCCalculator.h */,
				8A50AACC1B33EA6800184D95 /* LCCalculator.m */,
				8A57D6AE1B33EE270003BB06 /* LCRoom.h */,
				8A57D6AF1B33EE270003BB06 /* LCRoom.m */,
				8A7B2DF81B4958CA000C3FC2 /* LCHouse.h */,
				8A7B2DF91B4958CA000C3FC2 /* LCHouse.m */,
				8A7CB7601B7758AB00BFBC28 /* Expirable.h */,
				8A7CB7591B77512B00BFBC28 /* LCWire.h */,
				8A7CB75A1B77512B00BFBC28 /* LCWire.m */,
			);
			name = Model;
			sourceTree = "<group>";
		};
		8A7CB7491B77501900BFBC28 /* Vendor */ = {
			isa = PBXGroup;
			children = (
				8A7CB7611B7788F600BFBC28 /* OCMock */,
			);
			path = Vendor;
			sourceTree = "<group>";
		};
		8A7CB7611B7788F600BFBC28 /* OCMock */ = {
			isa = PBXGroup;
			children = (
				8A7CB7621B7788F600BFBC28 /* iOS */,
			);
			path = OCMock;
			sourceTree = "<group>";
		};
		8A7CB7621B7788F600BFBC28 /* iOS */ = {
			isa = PBXGroup;
			children = (
				8A7CB7631B7788F600BFBC28 /* libOCMock.a */,
				8A7CB7641B7788F600BFBC28 /* OCMock */,
			);
			path = iOS;
			sourceTree = "<group>";
		};
		8A7CB7641B7788F600BFBC28 /* OCMock */ = {
			isa = PBXGroup;
			children = (
				8A7CB7651B7788F600BFBC28 /* NSNotificationCenter+OCMAdditions.h */,
				8A7CB7661B7788F600BFBC28 /* OCMArg.h */,
				8A7CB7671B7788F600BFBC28 /* OCMConstraint.h */,
				8A7CB7681B7788F600BFBC28 /* OCMLocation.h */,
				8A7CB7691B7788F600BFBC28 /* OCMMacroState.h */,
				8A7CB76A1B7788F600BFBC28 /* OCMock.h */,
				8A7CB76B1B7788F600BFBC28 /* OCMockObject.h */,
				8A7CB76C1B7788F600BFBC28 /* OCMRecorder.h */,
				8A7CB76D1B7788F600BFBC28 /* OCMStubRecorder.h */,
			);
			path = OCMock;
			sourceTree = "<group>";
		};
/* End PBXGroup section */

/* Begin PBXNativeTarget section */
		8A50AAA11B33E8F400184D95 /* LCUnitTestsExample */ = {
			isa = PBXNativeTarget;
			buildConfigurationList = 8A50AAC51B33E8F400184D95 /* Build configuration list for PBXNativeTarget "LCUnitTestsExample" */;
			buildPhases = (
				8A50AA9E1B33E8F400184D95 /* Sources */,
				8A50AA9F1B33E8F400184D95 /* Frameworks */,
				8A50AAA01B33E8F400184D95 /* Resources */,
			);
			buildRules = (
			);
			dependencies = (
			);
			name = LCUnitTestsExample;
			productName = LCUnitTestsExample;
			productReference = 8A50AAA21B33E8F400184D95 /* LCUnitTestsExample.app */;
			productType = "com.apple.product-type.application";
		};
		8A50AABA1B33E8F400184D95 /* LCUnitTestsExampleTests */ = {
			isa = PBXNativeTarget;
			buildConfigurationList = 8A50AAC81B33E8F400184D95 /* Build configuration list for PBXNativeTarget "LCUnitTestsExampleTests" */;
			buildPhases = (
				8A50AAB71B33E8F400184D95 /* Sources */,
				8A50AAB81B33E8F400184D95 /* Frameworks */,
				8A50AAB91B33E8F400184D95 /* Resources */,
			);
			buildRules = (
			);
			dependencies = (
				8A50AABD1B33E8F400184D95 /* PBXTargetDependency */,
			);
			name = LCUnitTestsExampleTests;
			productName = LCUnitTestsExampleTests;
			productReference = 8A50AABB1B33E8F400184D95 /* LCUnitTestsExampleTests.xctest */;
			productType = "com.apple.product-type.bundle.unit-test";
		};
/* End PBXNativeTarget section */

/* Begin PBXProject section */
		8A50AA9A1B33E8F400184D95 /* Project object */ = {
			isa = PBXProject;
			attributes = {
				LastUpgradeCheck = 0630;
				ORGANIZATIONNAME = Liyao;
				TargetAttributes = {
					8A50AAA11B33E8F400184D95 = {
						CreatedOnToolsVersion = 6.3.2;
					};
					8A50AABA1B33E8F400184D95 = {
						CreatedOnToolsVersion = 6.3.2;
					};
				};
			};
			buildConfigurationList = 8A50AA9D1B33E8F400184D95 /* Build configuration list for PBXProject "LCUnitTestsExample" */;
			compatibilityVersion = "Xcode 3.2";
			developmentRegion = English;
			hasScannedForEncodings = 0;
			knownRegions = (
				en,
				Base,
			);
			mainGroup = 8A50AA991B33E8F400184D95;
			productRefGroup = 8A50AAA31B33E8F400184D95 /* Products */;
			projectDirPath = "";
			projectRoot = "";
			targets = (
				8A50AAA11B33E8F400184D95 /* LCUnitTestsExample */,
				8A50AABA1B33E8F400184D95 /* LCUnitTestsExampleTests */,
			);
		};
/* End PBXProject section */

/* Begin PBXResourcesBuildPhase section */
		8A50AAA01B33E8F400184D95 /* Resources */ = {
			isa = PBXResourcesBuildPhase;
			buildActionMask = 2147483647;
			files = (
				8A50AAB11B33E8F400184D95 /* Main.storyboard in Resources */,
				8A50AAB61B33E8F400184D95 /* LaunchScreen.xib in Resources */,
				8A50AAB31B33E8F400184D95 /* Images.xcassets in Resources */,
			);
			runOnlyForDeploymentPostprocessing = 0;
		};
		8A50AAB91B33E8F400184D95 /* Resources */ = {
			isa = PBXResourcesBuildPhase;
			buildActionMask = 2147483647;
			files = (
			);
			runOnlyForDeploymentPostprocessing = 0;
		};
/* End PBXResourcesBuildPhase section */

/* Begin PBXSourcesBuildPhase section */
		8A50AA9E1B33E8F400184D95 /* Sources */ = {
			isa = PBXSourcesBuildPhase;
			buildActionMask = 2147483647;
			files = (
				8A50AAAE1B33E8F400184D95 /* ViewController.m in Sources */,
				8A7CB75B1B77512B00BFBC28 /* LCWire.m in Sources */,
				8A7B2DFA1B4958CA000C3FC2 /* LCHouse.m in Sources */,
				8A50AAAB1B33E8F400184D95 /* AppDelegate.m in Sources */,
				8A50AACD1B33EA6800184D95 /* LCCalculator.m in Sources */,
				8A50AAA81B33E8F400184D95 /* main.m in Sources */,
				8A57D6B01B33EE270003BB06 /* LCRoom.m in Sources */,
			);
			runOnlyForDeploymentPostprocessing = 0;
		};
		8A50AAB71B33E8F400184D95 /* Sources */ = {
			isa = PBXSourcesBuildPhase;
			buildActionMask = 2147483647;
			files = (
				8A7B2DFC1B495929000C3FC2 /* LCHouseTests.m in Sources */,
				8A50AACF1B33EA9D00184D95 /* LCCalculator.m in Sources */,
				8A57D6B21B33EE380003BB06 /* LCRoomTests.m in Sources */,
				8A7CB75F1B77573C00BFBC28 /* LCWire.m in Sources */,
				8A50AAC21B33E8F400184D95 /* LCCalculatorTests.m in Sources */,
				8A7B2DF41B4942AC000C3FC2 /* LCTableViewTests.m in Sources */,
				8A57D6B31B33EE450003BB06 /* LCRoom.m in Sources */,
				8A7B2DF71B4952DA000C3FC2 /* DummyUITableViewDataSource.m in Sources */,
				8A7CB75D1B7756DF00BFBC28 /* LCWireTests.m in Sources */,
				8A7B2DFD1B495AB9000C3FC2 /* LCHouse.m in Sources */,
			);
			runOnlyForDeploymentPostprocessing = 0;
		};
/* End PBXSourcesBuildPhase section */

/* Begin PBXTargetDependency section */
		8A50AABD1B33E8F400184D95 /* PBXTargetDependency */ = {
			isa = PBXTargetDependency;
			target = 8A50AAA11B33E8F400184D95 /* LCUnitTestsExample */;
			targetProxy = 8A50AABC1B33E8F400184D95 /* PBXContainerItemProxy */;
		};
/* End PBXTargetDependency section */

/* Begin PBXVariantGroup section */
		8A50AAAF1B33E8F400184D95 /* Main.storyboard */ = {
			isa = PBXVariantGroup;
			children = (
				8A50AAB01B33E8F400184D95 /* Base */,
			);
			name = Main.storyboard;
			sourceTree = "<group>";
		};
		8A50AAB41B33E8F400184D95 /* LaunchScreen.xib */ = {
			isa = PBXVariantGroup;
			children = (
				8A50AAB51B33E8F400184D95 /* Base */,
			);
			name = LaunchScreen.xib;
			sourceTree = "<group>";
		};
/* End PBXVariantGroup section */

/* Begin XCBuildConfiguration section */
		8A50AAC31B33E8F400184D95 /* Debug */ = {
			isa = XCBuildConfiguration;
			buildSettings = {
				ALWAYS_SEARCH_USER_PATHS = NO;
				CLANG_CXX_LANGUAGE_STANDARD = "gnu++0x";
				CLANG_CXX_LIBRARY = "libc++";
				CLANG_ENABLE_MODULES = YES;
				CLANG_ENABLE_OBJC_ARC = YES;
				CLANG_WARN_BOOL_CONVERSION = YES;
				CLANG_WARN_CONSTANT_CONVERSION = YES;
				CLANG_WARN_DIRECT_OBJC_ISA_USAGE = YES_ERROR;
				CLANG_WARN_EMPTY_BODY = YES;
				CLANG_WARN_ENUM_CONVERSION = YES;
				CLANG_WARN_INT_CONVERSION = YES;
				CLANG_WARN_OBJC_ROOT_CLASS = YES_ERROR;
				CLANG_WARN_UNREACHABLE_CODE = YES;
				CLANG_WARN__DUPLICATE_METHOD_MATCH = YES;
				"CODE_SIGN_IDENTITY[sdk=iphoneos*]" = "iPhone Developer";
				COPY_PHASE_STRIP = NO;
				DEBUG_INFORMATION_FORMAT = "dwarf-with-dsym";
				ENABLE_STRICT_OBJC_MSGSEND = YES;
				GCC_C_LANGUAGE_STANDARD = gnu99;
				GCC_DYNAMIC_NO_PIC = NO;
				GCC_NO_COMMON_BLOCKS = YES;
				GCC_OPTIMIZATION_LEVEL = 0;
				GCC_PREPROCESSOR_DEFINITIONS = (
					"DEBUG=1",
					"$(inherited)",
				);
				GCC_SYMBOLS_PRIVATE_EXTERN = NO;
				GCC_WARN_64_TO_32_BIT_CONVERSION = YES;
				GCC_WARN_ABOUT_RETURN_TYPE = YES_ERROR;
				GCC_WARN_UNDECLARED_SELECTOR = YES;
				GCC_WARN_UNINITIALIZED_AUTOS = YES_AGGRESSIVE;
				GCC_WARN_UNUSED_FUNCTION = YES;
				GCC_WARN_UNUSED_VARIABLE = YES;
				HEADER_SEARCH_PATHS = (
					"$(inherited)",
					/Applications/Xcode.app/Contents/Developer/Toolchains/XcodeDefault.xctoolchain/usr/include,
				);
				IPHONEOS_DEPLOYMENT_TARGET = 8.3;
				LIBRARY_SEARCH_PATHS = "";
				MTL_ENABLE_DEBUG_INFO = YES;
				ONLY_ACTIVE_ARCH = YES;
				SDKROOT = iphoneos;
				TARGETED_DEVICE_FAMILY = "1,2";
			};
			name = Debug;
		};
		8A50AAC41B33E8F400184D95 /* Release */ = {
			isa = XCBuildConfiguration;
			buildSettings = {
				ALWAYS_SEARCH_USER_PATHS = NO;
				CLANG_CXX_LANGUAGE_STANDARD = "gnu++0x";
				CLANG_CXX_LIBRARY = "libc++";
				CLANG_ENABLE_MODULES = YES;
				CLANG_ENABLE_OBJC_ARC = YES;
				CLANG_WARN_BOOL_CONVERSION = YES;
				CLANG_WARN_CONSTANT_CONVERSION = YES;
				CLANG_WARN_DIRECT_OBJC_ISA_USAGE = YES_ERROR;
				CLANG_WARN_EMPTY_BODY = YES;
				CLANG_WARN_ENUM_CONVERSION = YES;
				CLANG_WARN_INT_CONVERSION = YES;
				CLANG_WARN_OBJC_ROOT_CLASS = YES_ERROR;
				CLANG_WARN_UNREACHABLE_CODE = YES;
				CLANG_WARN__DUPLICATE_METHOD_MATCH = YES;
				"CODE_SIGN_IDENTITY[sdk=iphoneos*]" = "iPhone Developer";
				COPY_PHASE_STRIP = NO;
				DEBUG_INFORMATION_FORMAT = "dwarf-with-dsym";
				ENABLE_NS_ASSERTIONS = NO;
				ENABLE_STRICT_OBJC_MSGSEND = YES;
				GCC_C_LANGUAGE_STANDARD = gnu99;
				GCC_NO_COMMON_BLOCKS = YES;
				GCC_WARN_64_TO_32_BIT_CONVERSION = YES;
				GCC_WARN_ABOUT_RETURN_TYPE = YES_ERROR;
				GCC_WARN_UNDECLARED_SELECTOR = YES;
				GCC_WARN_UNINITIALIZED_AUTOS = YES_AGGRESSIVE;
				GCC_WARN_UNUSED_FUNCTION = YES;
				GCC_WARN_UNUSED_VARIABLE = YES;
				HEADER_SEARCH_PATHS = (
					"$(inherited)",
					/Applications/Xcode.app/Contents/Developer/Toolchains/XcodeDefault.xctoolchain/usr/include,
				);
				IPHONEOS_DEPLOYMENT_TARGET = 8.3;
				LIBRARY_SEARCH_PATHS = "";
				MTL_ENABLE_DEBUG_INFO = NO;
				SDKROOT = iphoneos;
				TARGETED_DEVICE_FAMILY = "1,2";
				VALIDATE_PRODUCT = YES;
			};
			name = Release;
		};
		8A50AAC61B33E8F400184D95 /* Debug */ = {
			isa = XCBuildConfiguration;
			buildSettings = {
				ASSETCATALOG_COMPILER_APPICON_NAME = AppIcon;
				INFOPLIST_FILE = LCUnitTestsExample/Info.plist;
				LD_RUNPATH_SEARCH_PATHS = "$(inherited) @executable_path/Frameworks";
				LIBRARY_SEARCH_PATHS = "$(inherited)";
				OTHER_LDFLAGS = "";
				PRODUCT_NAME = "$(TARGET_NAME)";
			};
			name = Debug;
		};
		8A50AAC71B33E8F400184D95 /* Release */ = {
			isa = XCBuildConfiguration;
			buildSettings = {
				ASSETCATALOG_COMPILER_APPICON_NAME = AppIcon;
				INFOPLIST_FILE = LCUnitTestsExample/Info.plist;
				LD_RUNPATH_SEARCH_PATHS = "$(inherited) @executable_path/Frameworks";
				LIBRARY_SEARCH_PATHS = "$(inherited)";
				OTHER_LDFLAGS = "";
				PRODUCT_NAME = "$(TARGET_NAME)";
			};
			name = Release;
		};
		8A50AAC91B33E8F400184D95 /* Debug */ = {
			isa = XCBuildConfiguration;
			buildSettings = {
				FRAMEWORK_SEARCH_PATHS = (
					"$(SDKROOT)/Developer/Library/Frameworks",
					"$(inherited)",
				);
				GCC_PREPROCESSOR_DEFINITIONS = (
					"DEBUG=1",
					"$(inherited)",
				);
				HEADER_SEARCH_PATHS = (
					"$(inherited)",
					/Applications/Xcode.app/Contents/Developer/Toolchains/XcodeDefault.xctoolchain/usr/include,
					"$(PROJECT_DIR)/Vendor/OCMock",
				);
				INFOPLIST_FILE = LCUnitTestsExampleTests/Info.plist;
				LD_RUNPATH_SEARCH_PATHS = "$(inherited) @executable_path/Frameworks @loader_path/Frameworks";
				LIBRARY_SEARCH_PATHS = (
					"$(inherited)",
					"$(PROJECT_DIR)/Vendor/OCMock/iOS/**",
					"$(PROJECT_DIR)/Vendor/OCMock/iOS",
				);
				OTHER_LDFLAGS = (
					"$(inherited)",
					"-framework",
					XCTest,
					"-all_load",
				);
				PRODUCT_NAME = "$(TARGET_NAME)";
				USER_HEADER_SEARCH_PATHS = "$(PROJECT_DIR)/Vendor/OCMock/**";
			};
			name = Debug;
		};
		8A50AACA1B33E8F400184D95 /* Release */ = {
			isa = XCBuildConfiguration;
			buildSettings = {
				FRAMEWORK_SEARCH_PATHS = (
					"$(SDKROOT)/Developer/Library/Frameworks",
					"$(inherited)",
				);
				HEADER_SEARCH_PATHS = (
					"$(inherited)",
					/Applications/Xcode.app/Contents/Developer/Toolchains/XcodeDefault.xctoolchain/usr/include,
					"$(PROJECT_DIR)/Vendor/OCMock",
				);
				INFOPLIST_FILE = LCUnitTestsExampleTests/Info.plist;
				LD_RUNPATH_SEARCH_PATHS = "$(inherited) @executable_path/Frameworks @loader_path/Frameworks";
				LIBRARY_SEARCH_PATHS = (
					"$(inherited)",
					"$(PROJECT_DIR)/Vendor/OCMock/iOS/**",
					"$(PROJECT_DIR)/Vendor/OCMock/iOS",
				);
				OTHER_LDFLAGS = (
					"$(inherited)",
					"-framework",
					XCTest,
					"-all_load",
				);
				PRODUCT_NAME = "$(TARGET_NAME)";
				USER_HEADER_SEARCH_PATHS = "$(PROJECT_DIR)/Vendor/OCMock/**";
			};
			name = Release;
		};
/* End XCBuildConfiguration section */

/* Begin XCConfigurationList section */
		8A50AA9D1B33E8F400184D95 /* Build configuration list for PBXProject "LCUnitTestsExample" */ = {
			isa = XCConfigurationList;
			buildConfigurations = (
				8A50AAC31B33E8F400184D95 /* Debug */,
				8A50AAC41B33E8F400184D95 /* Release */,
			);
			defaultConfigurationIsVisible = 0;
			defaultConfigurationName = Release;
		};
		8A50AAC51B33E8F400184D95 /* Build configuration list for PBXNativeTarget "LCUnitTestsExample" */ = {
			isa = XCConfigurationList;
			buildConfigurations = (
				8A50AAC61B33E8F400184D95 /* Debug */,
				8A50AAC71B33E8F400184D95 /* Release */,
			);
			defaultConfigurationIsVisible = 0;
			defaultConfigurationName = Release;
		};
		8A50AAC81B33E8F400184D95 /* Build configuration list for PBXNativeTarget "LCUnitTestsExampleTests" */ = {
			isa = XCConfigurationList;
			buildConfigurations = (
				8A50AAC91B33E8F400184D95 /* Debug */,
				8A50AACA1B33E8F400184D95 /* Release */,
			);
			defaultConfigurationIsVisible = 0;
			defaultConfigurationName = Release;
		};
/* End XCConfigurationList section */
	};
	rootObject = 8A50AA9A1B33E8F400184D95 /* Project object */;
}
